
Microsoft Visual Studio Solution File, Format Version 12.00
# Visual Studio Version 17
VisualStudioVersion = 17.1.32421.90
MinimumVisualStudioVersion = 10.0.40219.1
Project("{FAE04EC0-301F-11D3-BF4B-00C04F79EFBC}") = "CabGenerator", "CabGenerator\CabGenerator.csproj", "{9505B485-F14D-451D-BDE0-2A8F1DD884DD}"
EndProject
Project("{FAE04EC0-301F-11D3-BF4B-00C04F79EFBC}") = "CabTestCases", "CabTestCases\CabTestCases.csproj", "{7224B3B1-9F46-4FD8-87FF-6923E97F6FB6}"
EndProject
Global
	GlobalSection(SolutionConfigurationPlatforms) = preSolution
		Debug|Any CPU = Debug|Any CPU
		Release|Any CPU = Release|Any CPU
	EndGlobalSection
	GlobalSection(ProjectConfigurationPlatforms) = postSolution
		{9505B485-F14D-451D-BDE0-2A8F1DD884DD}.Debug|Any CPU.ActiveCfg = Debug|Any CPU
		{9505B485-F14D-451D-BDE0-2A8F1DD884DD}.Debug|Any CPU.Build.0 = Debug|Any CPU
		{9505B485-F14D-451D-BDE0-2A8F1DD884DD}.Release|Any CPU.ActiveCfg = Release|Any CPU
		{9505B485-F14D-451D-BDE0-2A8F1DD884DD}.Release|Any CPU.Build.0 = Release|Any CPU
		{7224B3B1-9F46-4FD8-87FF-6923E97F6FB6}.Debug|Any CPU.ActiveCfg = Debug|Any CPU
		{7224B3B1-9F46-4FD8-87FF-6923E97F6FB6}.Debug|Any CPU.Build.0 = Debug|Any CPU
		{7224B3B1-9F46-4FD8-87FF-6923E97F6FB6}.Release|Any CPU.ActiveCfg = Release|Any CPU
		{7224B3B1-9F46-4FD8-87FF-6923E97F6FB6}.Release|Any CPU.Build.0 = Release|Any CPU
	EndGlobalSection
	GlobalSection(SolutionProperties) = preSolution
		HideSolutionNode = FALSE
	EndGlobalSection
	GlobalSection(ExtensibilityGlobals) = postSolution
		SolutionGuid = {210FBFA4-E050-41AE-AE58-530DF6DAAB32}
	EndGlobalSection
EndGlobal
